// !$*UTF8*$!
{
	archiveVersion = 1;
	classes = {
	};
	objectVersion = 50;
	objects = {

/* Begin PBXBuildFile section */
		4D130FDE264AC37800327A50 /* HackerNewsApp.swift in Sources */ = {isa = PBXBuildFile; fileRef = 4D130FDD264AC37800327A50 /* HackerNewsApp.swift */; };
		4D130FE2264AC37B00327A50 /* Assets.xcassets in Resources */ = {isa = PBXBuildFile; fileRef = 4D130FE1264AC37B00327A50 /* Assets.xcassets */; };
		4D130FE5264AC37B00327A50 /* Preview Assets.xcassets in Resources */ = {isa = PBXBuildFile; fileRef = 4D130FE4264AC37B00327A50 /* Preview Assets.xcassets */; };
		4D47B497264ACC340097BE13 /* API.swift in Sources */ = {isa = PBXBuildFile; fileRef = 4D47B496264ACC340097BE13 /* API.swift */; };
		4D47B49D264AD1150097BE13 /* APIEnvironmentKey.swift in Sources */ = {isa = PBXBuildFile; fileRef = 4D47B49C264AD1150097BE13 /* APIEnvironmentKey.swift */; };
		4D47B49F264ADA070097BE13 /* StoryCellView.swift in Sources */ = {isa = PBXBuildFile; fileRef = 4D47B49E264ADA070097BE13 /* StoryCellView.swift */; };
		4D47B4A2264ADA550097BE13 /* Item.swift in Sources */ = {isa = PBXBuildFile; fileRef = 4D47B4A1264ADA550097BE13 /* Item.swift */; };
		4D47B4A5264AE4B90097BE13 /* TopStoriesView.swift in Sources */ = {isa = PBXBuildFile; fileRef = 4D47B4A4264AE4B90097BE13 /* TopStoriesView.swift */; };
		4D47B4A7264BC80B0097BE13 /* NewStoriesView.swift in Sources */ = {isa = PBXBuildFile; fileRef = 4D47B4A6264BC80B0097BE13 /* NewStoriesView.swift */; };
		4D47B4A9264BC9AD0097BE13 /* BestStoriesView.swift in Sources */ = {isa = PBXBuildFile; fileRef = 4D47B4A8264BC9AD0097BE13 /* BestStoriesView.swift */; };
		4D47B4AB264BCFD40097BE13 /* StoryView.swift in Sources */ = {isa = PBXBuildFile; fileRef = 4D47B4AA264BCFD40097BE13 /* StoryView.swift */; };
		4D47B4AD264BD26D0097BE13 /* WebView.swift in Sources */ = {isa = PBXBuildFile; fileRef = 4D47B4AC264BD26D0097BE13 /* WebView.swift */; };
		4DA68E45264BDB920045EB33 /* LoadingView.swift in Sources */ = {isa = PBXBuildFile; fileRef = 4DA68E44264BDB920045EB33 /* LoadingView.swift */; };
/* End PBXBuildFile section */

/* Begin PBXFileReference section */
		4D130FDA264AC37800327A50 /* HackerNews.app */ = {isa = PBXFileReference; explicitFileType = wrapper.application; includeInIndex = 0; path = HackerNews.app; sourceTree = BUILT_PRODUCTS_DIR; };
		4D130FDD264AC37800327A50 /* HackerNewsApp.swift */ = {isa = PBXFileReference; lastKnownFileType = sourcecode.swift; path = HackerNewsApp.swift; sourceTree = "<group>"; };
		4D130FE1264AC37B00327A50 /* Assets.xcassets */ = {isa = PBXFileReference; lastKnownFileType = folder.assetcatalog; path = Assets.xcassets; sourceTree = "<group>"; };
		4D130FE4264AC37B00327A50 /* Preview Assets.xcassets */ = {isa = PBXFileReference; lastKnownFileType = folder.assetcatalog; path = "Preview Assets.xcassets"; sourceTree = "<group>"; };
		4D130FE6264AC37B00327A50 /* Info.plist */ = {isa = PBXFileReference; lastKnownFileType = text.plist.xml; path = Info.plist; sourceTree = "<group>"; };
		4D47B496264ACC340097BE13 /* API.swift */ = {isa = PBXFileReference; lastKnownFileType = sourcecode.swift; path = API.swift; sourceTree = "<group>"; };
		4D47B49C264AD1150097BE13 /* APIEnvironmentKey.swift */ = {isa = PBXFileReference; lastKnownFileType = sourcecode.swift; path = APIEnvironmentKey.swift; sourceTree = "<group>"; };
		4D47B49E264ADA070097BE13 /* StoryCellView.swift */ = {isa = PBXFileReference; lastKnownFileType = sourcecode.swift; path = StoryCellView.swift; sourceTree = "<group>"; };
		4D47B4A1264ADA550097BE13 /* Item.swift */ = {isa = PBXFileReference; lastKnownFileType = sourcecode.swift; path = Item.swift; sourceTree = "<group>"; };
		4D47B4A4264AE4B90097BE13 /* TopStoriesView.swift */ = {isa = PBXFileReference; lastKnownFileType = sourcecode.swift; path = TopStoriesView.swift; sourceTree = "<group>"; };
		4D47B4A6264BC80B0097BE13 /* NewStoriesView.swift */ = {isa = PBXFileReference; lastKnownFileType = sourcecode.swift; path = NewStoriesView.swift; sourceTree = "<group>"; };
		4D47B4A8264BC9AD0097BE13 /* BestStoriesView.swift */ = {isa = PBXFileReference; lastKnownFileType = sourcecode.swift; path = BestStoriesView.swift; sourceTree = "<group>"; };
		4D47B4AA264BCFD40097BE13 /* StoryView.swift */ = {isa = PBXFileReference; lastKnownFileType = sourcecode.swift; path = StoryView.swift; sourceTree = "<group>"; };
		4D47B4AC264BD26D0097BE13 /* WebView.swift */ = {isa = PBXFileReference; fileEncoding = 4; lastKnownFileType = sourcecode.swift; path = WebView.swift; sourceTree = "<group>"; };
		4DA68E44264BDB920045EB33 /* LoadingView.swift */ = {isa = PBXFileReference; lastKnownFileType = sourcecode.swift; path = LoadingView.swift; sourceTree = "<group>"; };
/* End PBXFileReference section */

/* Begin PBXFrameworksBuildPhase section */
		4D130FD7264AC37800327A50 /* Frameworks */ = {
			isa = PBXFrameworksBuildPhase;
			buildActionMask = 2147483647;
			files = (
			);
			runOnlyForDeploymentPostprocessing = 0;
		};
/* End PBXFrameworksBuildPhase section */

/* Begin PBXGroup section */
		4D130FD1264AC37800327A50 = {
			isa = PBXGroup;
			children = (
				4D130FDC264AC37800327A50 /* HackerNews */,
				4D130FDB264AC37800327A50 /* Products */,
			);
			sourceTree = "<group>";
		};
		4D130FDB264AC37800327A50 /* Products */ = {
			isa = PBXGroup;
			children = (
				4D130FDA264AC37800327A50 /* HackerNews.app */,
			);
			name = Products;
			sourceTree = "<group>";
		};
		4D130FDC264AC37800327A50 /* HackerNews */ = {
			isa = PBXGroup;
			children = (
				4D47B495264ACC100097BE13 /* API */,
				4D47B4A3264AE4790097BE13 /* Views */,
				4D130FE1264AC37B00327A50 /* Assets.xcassets */,
				4D130FDD264AC37800327A50 /* HackerNewsApp.swift */,
				4D130FE6264AC37B00327A50 /* Info.plist */,
				4D130FE3264AC37B00327A50 /* Preview Content */,
			);
			path = HackerNews;
			sourceTree = "<group>";
		};
		4D130FE3264AC37B00327A50 /* Preview Content */ = {
			isa = PBXGroup;
			children = (
				4D130FE4264AC37B00327A50 /* Preview Assets.xcassets */,
			);
			path = "Preview Content";
			sourceTree = "<group>";
		};
		4D47B495264ACC100097BE13 /* API */ = {
			isa = PBXGroup;
			children = (
				4D47B4A0264ADA170097BE13 /* Models */,
				4D47B496264ACC340097BE13 /* API.swift */,
				4D47B49C264AD1150097BE13 /* APIEnvironmentKey.swift */,
			);
			path = API;
			sourceTree = "<group>";
		};
		4D47B4A0264ADA170097BE13 /* Models */ = {
			isa = PBXGroup;
			children = (
				4D47B4A1264ADA550097BE13 /* Item.swift */,
			);
			path = Models;
			sourceTree = "<group>";
		};
		4D47B4A3264AE4790097BE13 /* Views */ = {
			isa = PBXGroup;
			children = (
				4D47B4A8264BC9AD0097BE13 /* BestStoriesView.swift */,
				4DA68E44264BDB920045EB33 /* LoadingView.swift */,
				4D47B4A6264BC80B0097BE13 /* NewStoriesView.swift */,
				4D47B49E264ADA070097BE13 /* StoryCellView.swift */,
				4D47B4AA264BCFD40097BE13 /* StoryView.swift */,
				4D47B4A4264AE4B90097BE13 /* TopStoriesView.swift */,
				4D47B4AC264BD26D0097BE13 /* WebView.swift */,
			);
			path = Views;
			sourceTree = "<group>";
		};
/* End PBXGroup section */

/* Begin PBXNativeTarget section */
		4D130FD9264AC37800327A50 /* HackerNews */ = {
			isa = PBXNativeTarget;
			buildConfigurationList = 4D130FE9264AC37B00327A50 /* Build configuration list for PBXNativeTarget "HackerNews" */;
			buildPhases = (
				4D130FD6264AC37800327A50 /* Sources */,
				4D130FD7264AC37800327A50 /* Frameworks */,
				4D130FD8264AC37800327A50 /* Resources */,
			);
			buildRules = (
			);
			dependencies = (
			);
			name = HackerNews;
			productName = HackerNews;
			productReference = 4D130FDA264AC37800327A50 /* HackerNews.app */;
			productType = "com.apple.product-type.application";
		};
/* End PBXNativeTarget section */

/* Begin PBXProject section */
		4D130FD2264AC37800327A50 /* Project object */ = {
			isa = PBXProject;
			attributes = {
				LastSwiftUpdateCheck = 1250;
				LastUpgradeCheck = 1250;
				TargetAttributes = {
					4D130FD9264AC37800327A50 = {
						CreatedOnToolsVersion = 12.5;
					};
				};
			};
			buildConfigurationList = 4D130FD5264AC37800327A50 /* Build configuration list for PBXProject "HackerNews" */;
			compatibilityVersion = "Xcode 9.3";
			developmentRegion = en;
			hasScannedForEncodings = 0;
			knownRegions = (
				en,
				Base,
			);
			mainGroup = 4D130FD1264AC37800327A50;
			productRefGroup = 4D130FDB264AC37800327A50 /* Products */;
			projectDirPath = "";
			projectRoot = "";
			targets = (
				4D130FD9264AC37800327A50 /* HackerNews */,
			);
		};
/* End PBXProject section */

/* Begin PBXResourcesBuildPhase section */
		4D130FD8264AC37800327A50 /* Resources */ = {
			isa = PBXResourcesBuildPhase;
			buildActionMask = 2147483647;
			files = (
				4D130FE5264AC37B00327A50 /* Preview Assets.xcassets in Resources */,
				4D130FE2264AC37B00327A50 /* Assets.xcassets in Resources */,
			);
			runOnlyForDeploymentPostprocessing = 0;
		};
/* End PBXResourcesBuildPhase section */

/* Begin PBXSourcesBuildPhase section */
		4D130FD6264AC37800327A50 /* Sources */ = {
			isa = PBXSourcesBuildPhase;
			buildActionMask = 2147483647;
			files = (
				4D47B4AB264BCFD40097BE13 /* StoryView.swift in Sources */,
				4D47B4AD264BD26D0097BE13 /* WebView.swift in Sources */,
				4D47B49D264AD1150097BE13 /* APIEnvironmentKey.swift in Sources */,
				4DA68E45264BDB920045EB33 /* LoadingView.swift in Sources */,
				4D47B497264ACC340097BE13 /* API.swift in Sources */,
				4D47B4A9264BC9AD0097BE13 /* BestStoriesView.swift in Sources */,
				4D47B4A7264BC80B0097BE13 /* NewStoriesView.swift in Sources */,
				4D47B4A5264AE4B90097BE13 /* TopStoriesView.swift in Sources */,
				4D47B49F264ADA070097BE13 /* StoryCellView.swift in Sources */,
				4D47B4A2264ADA550097BE13 /* Item.swift in Sources */,
				4D130FDE264AC37800327A50 /* HackerNewsApp.swift in Sources */,
			);
			runOnlyForDeploymentPostprocessing = 0;
		};
/* End PBXSourcesBuildPhase section */

/* Begin XCBuildConfiguration section */
		4D130FE7264AC37B00327A50 /* Debug */ = {
			isa = XCBuildConfiguration;
			buildSettings = {
				ALWAYS_SEARCH_USER_PATHS = NO;
				CLANG_ANALYZER_NONNULL = YES;
				CLANG_ANALYZER_NUMBER_OBJECT_CONVERSION = YES_AGGRESSIVE;
				CLANG_CXX_LANGUAGE_STANDARD = "gnu++14";
				CLANG_CXX_LIBRARY = "libc++";
				CLANG_ENABLE_MODULES = YES;
				CLANG_ENABLE_OBJC_ARC = YES;
				CLANG_ENABLE_OBJC_WEAK = YES;
				CLANG_WARN_BLOCK_CAPTURE_AUTORELEASING = YES;
				CLANG_WARN_BOOL_CONVERSION = YES;
				CLANG_WARN_COMMA = YES;
				CLANG_WARN_CONSTANT_CONVERSION = YES;
				CLANG_WARN_DEPRECATED_OBJC_IMPLEMENTATIONS = YES;
				CLANG_WARN_DIRECT_OBJC_ISA_USAGE = YES_ERROR;
				CLANG_WARN_DOCUMENTATION_COMMENTS = YES;
				CLANG_WARN_EMPTY_BODY = YES;
				CLANG_WARN_ENUM_CONVERSION = YES;
				CLANG_WARN_INFINITE_RECURSION = YES;
				CLANG_WARN_INT_CONVERSION = YES;
				CLANG_WARN_NON_LITERAL_NULL_CONVERSION = YES;
				CLANG_WARN_OBJC_IMPLICIT_RETAIN_SELF = YES;
				CLANG_WARN_OBJC_LITERAL_CONVERSION = YES;
				CLANG_WARN_OBJC_ROOT_CLASS = YES_ERROR;
				CLANG_WARN_QUOTED_INCLUDE_IN_FRAMEWORK_HEADER = YES;
				CLANG_WARN_RANGE_LOOP_ANALYSIS = YES;
				CLANG_WARN_STRICT_PROTOTYPES = YES;
				CLANG_WARN_SUSPICIOUS_MOVE = YES;
				CLANG_WARN_UNGUARDED_AVAILABILITY = YES_AGGRESSIVE;
				CLANG_WARN_UNREACHABLE_CODE = YES;
				CLANG_WARN__DUPLICATE_METHOD_MATCH = YES;
				COPY_PHASE_STRIP = NO;
				DEBUG_INFORMATION_FORMAT = dwarf;
				ENABLE_STRICT_OBJC_MSGSEND = YES;
				ENABLE_TESTABILITY = YES;
				GCC_C_LANGUAGE_STANDARD = gnu11;
				GCC_DYNAMIC_NO_PIC = NO;
				GCC_NO_COMMON_BLOCKS = YES;
				GCC_OPTIMIZATION_LEVEL = 0;
				GCC_PREPROCESSOR_DEFINITIONS = (
					"DEBUG=1",
					"$(inherited)",
				);
				GCC_WARN_64_TO_32_BIT_CONVERSION = YES;
				GCC_WARN_ABOUT_RETURN_TYPE = YES_ERROR;
				GCC_WARN_UNDECLARED_SELECTOR = YES;
				GCC_WARN_UNINITIALIZED_AUTOS = YES_AGGRESSIVE;
				GCC_WARN_UNUSED_FUNCTION = YES;
				GCC_WARN_UNUSED_VARIABLE = YES;
				IPHONEOS_DEPLOYMENT_TARGET = 14.5;
				MTL_ENABLE_DEBUG_INFO = INCLUDE_SOURCE;
				MTL_FAST_MATH = YES;
				ONLY_ACTIVE_ARCH = YES;
				SDKROOT = iphoneos;
				SWIFT_ACTIVE_COMPILATION_CONDITIONS = DEBUG;
				SWIFT_OPTIMIZATION_LEVEL = "-Onone";
			};
			name = Debug;
		};
		4D130FE8264AC37B00327A50 /* Release */ = {
			isa = XCBuildConfiguration;
			buildSettings = {
				ALWAYS_SEARCH_USER_PATHS = NO;
				CLANG_ANALYZER_NONNULL = YES;
				CLANG_ANALYZER_NUMBER_OBJECT_CONVERSION = YES_AGGRESSIVE;
				CLANG_CXX_LANGUAGE_STANDARD = "gnu++14";
				CLANG_CXX_LIBRARY = "libc++";
				CLANG_ENABLE_MODULES = YES;
				CLANG_ENABLE_OBJC_ARC = YES;
				CLANG_ENABLE_OBJC_WEAK = YES;
				CLANG_WARN_BLOCK_CAPTURE_AUTORELEASING = YES;
				CLANG_WARN_BOOL_CONVERSION = YES;
				CLANG_WARN_COMMA = YES;
				CLANG_WARN_CONSTANT_CONVERSION = YES;
				CLANG_WARN_DEPRECATED_OBJC_IMPLEMENTATIONS = YES;
				CLANG_WARN_DIRECT_OBJC_ISA_USAGE = YES_ERROR;
				CLANG_WARN_DOCUMENTATION_COMMENTS = YES;
				CLANG_WARN_EMPTY_BODY = YES;
				CLANG_WARN_ENUM_CONVERSION = YES;
				CLANG_WARN_INFINITE_RECURSION = YES;
				CLANG_WARN_INT_CONVERSION = YES;
				CLANG_WARN_NON_LITERAL_NULL_CONVERSION = YES;
				CLANG_WARN_OBJC_IMPLICIT_RETAIN_SELF = YES;
				CLANG_WARN_OBJC_LITERAL_CONVERSION = YES;
				CLANG_WARN_OBJC_ROOT_CLASS = YES_ERROR;
				CLANG_WARN_QUOTED_INCLUDE_IN_FRAMEWORK_HEADER = YES;
				CLANG_WARN_RANGE_LOOP_ANALYSIS = YES;
				CLANG_WARN_STRICT_PROTOTYPES = YES;
				CLANG_WARN_SUSPICIOUS_MOVE = YES;
				CLANG_WARN_UNGUARDED_AVAILABILITY = YES_AGGRESSIVE;
				CLANG_WARN_UNREACHABLE_CODE = YES;
				CLANG_WARN__DUPLICATE_METHOD_MATCH = YES;
				COPY_PHASE_STRIP = NO;
				DEBUG_INFORMATION_FORMAT = "dwarf-with-dsym";
				ENABLE_NS_ASSERTIONS = NO;
				ENABLE_STRICT_OBJC_MSGSEND = YES;
				GCC_C_LANGUAGE_STANDARD = gnu11;
				GCC_NO_COMMON_BLOCKS = YES;
				GCC_WARN_64_TO_32_BIT_CONVERSION = YES;
				GCC_WARN_ABOUT_RETURN_TYPE = YES_ERROR;
				GCC_WARN_UNDECLARED_SELECTOR = YES;
				GCC_WARN_UNINITIALIZED_AUTOS = YES_AGGRESSIVE;
				GCC_WARN_UNUSED_FUNCTION = YES;
				GCC_WARN_UNUSED_VARIABLE = YES;
				IPHONEOS_DEPLOYMENT_TARGET = 14.5;
				MTL_ENABLE_DEBUG_INFO = NO;
				MTL_FAST_MATH = YES;
				SDKROOT = iphoneos;
				SWIFT_COMPILATION_MODE = wholemodule;
				SWIFT_OPTIMIZATION_LEVEL = "-O";
				VALIDATE_PRODUCT = YES;
			};
			name = Release;
		};
		4D130FEA264AC37B00327A50 /* Debug */ = {
			isa = XCBuildConfiguration;
			buildSettings = {
				ASSETCATALOG_COMPILER_APPICON_NAME = AppIcon;
				ASSETCATALOG_COMPILER_GLOBAL_ACCENT_COLOR_NAME = AccentColor;
				CODE_SIGN_STYLE = Automatic;
				DEVELOPMENT_ASSET_PATHS = "\"HackerNews/Preview Content\"";
				DEVELOPMENT_TEAM = VRMKYRCN57;
				ENABLE_PREVIEWS = YES;
				INFOPLIST_FILE = HackerNews/Info.plist;
				IPHONEOS_DEPLOYMENT_TARGET = 14.0;
				LD_RUNPATH_SEARCH_PATHS = (
					"$(inherited)",
					"@executable_path/Frameworks",
				);
				MARKETING_VERSION = 0.1;
				PRODUCT_BUNDLE_IDENTIFIER = com.mark.HackerNews;
				PRODUCT_NAME = "$(TARGET_NAME)";
				SWIFT_VERSION = 5.0;
				TARGETED_DEVICE_FAMILY = 1;
			};
			name = Debug;
		};
		4D130FEB264AC37B00327A50 /* Release */ = {
			isa = XCBuildConfiguration;
			buildSettings = {
				ASSETCATALOG_COMPILER_APPICON_NAME = AppIcon;
				ASSETCATALOG_COMPILER_GLOBAL_ACCENT_COLOR_NAME = AccentColor;
				CODE_SIGN_STYLE = Automatic;
				DEVELOPMENT_ASSET_PATHS = "\"HackerNews/Preview Content\"";
				DEVELOPMENT_TEAM = VRMKYRCN57;
				ENABLE_PREVIEWS = YES;
				INFOPLIST_FILE = HackerNews/Info.plist;
				IPHONEOS_DEPLOYMENT_TARGET = 14.0;
				LD_RUNPATH_SEARCH_PATHS = (
					"$(inherited)",
					"@executable_path/Frameworks",
				);
				MARKETING_VERSION = 0.1;
				PRODUCT_BUNDLE_IDENTIFIER = com.mark.HackerNews;
				PRODUCT_NAME = "$(TARGET_NAME)";
				SWIFT_VERSION = 5.0;
				TARGETED_DEVICE_FAMILY = 1;
			};
			name = Release;
		};
/* End XCBuildConfiguration section */

/* Begin XCConfigurationList section */
		4D130FD5264AC37800327A50 /* Build configuration list for PBXProject "HackerNews" */ = {
			isa = XCConfigurationList;
			buildConfigurations = (
				4D130FE7264AC37B00327A50 /* Debug */,
				4D130FE8264AC37B00327A50 /* Release */,
			);
			defaultConfigurationIsVisible = 0;
			defaultConfigurationName = Release;
		};
		4D130FE9264AC37B00327A50 /* Build configuration list for PBXNativeTarget "HackerNews" */ = {
			isa = XCConfigurationList;
			buildConfigurations = (
				4D130FEA264AC37B00327A50 /* Debug */,
				4D130FEB264AC37B00327A50 /* Release */,
			);
			defaultConfigurationIsVisible = 0;
			defaultConfigurationName = Release;
		};
/* End XCConfigurationList section */
	};
	rootObject = 4D130FD2264AC37800327A50 /* Project object */;
}
